
Microsoft Visual Studio Solution File, Format Version 12.00
# Visual Studio 15
Project("{FAE04EC0-301F-11D3-BF4B-00C04F79EFBC}") = "fps.UI", "fps.UI.csproj", "{0A944396-CFF9-DEA1-6A20-E037AD6FEDD8}"
EndProject
Project("{FAE04EC0-301F-11D3-BF4B-00C04F79EFBC}") = "fps.Game", "fps.Game.csproj", "{CC9BDC87-1C91-C3E0-ECF9-4E0A019053C3}"
EndProject
Project("{FAE04EC0-301F-11D3-BF4B-00C04F79EFBC}") = "NavMeshComponents", "NavMeshComponents.csproj", "{E57B0531-D578-AA8B-8FCB-7632B8EA7213}"
EndProject
Project("{FAE04EC0-301F-11D3-BF4B-00C04F79EFBC}") = "fps.AI", "fps.AI.csproj", "{226F5DDF-0F6C-0AC1-E900-C60E097DAECA}"
EndProject
Project("{FAE04EC0-301F-11D3-BF4B-00C04F79EFBC}") = "Assembly-CSharp", "Assembly-CSharp.csproj", "{2F74BBB3-6AA4-FFFB-E23E-55BF4E5848FA}"
EndProject
Project("{FAE04EC0-301F-11D3-BF4B-00C04F79EFBC}") = "fps.Gameplay", "fps.Gameplay.csproj", "{95C01406-E7C7-F6E0-2285-357C153A9C40}"
EndProject
Project("{FAE04EC0-301F-11D3-BF4B-00C04F79EFBC}") = "Unity.FPS.Tutorials", "Unity.FPS.Tutorials.csproj", "{14D4F4B5-FCE0-554B-CA90-5608FA02BEE8}"
EndProject
Project("{FAE04EC0-301F-11D3-BF4B-00C04F79EFBC}") = "NavMeshComponentsEditor", "NavMeshComponentsEditor.csproj", "{03B4AE6B-FF57-6484-D5B2-FE1FC3243D0A}"
EndProject
Project("{FAE04EC0-301F-11D3-BF4B-00C04F79EFBC}") = "fps.Editor", "fps.Editor.csproj", "{40B518C4-7188-A255-1E53-9B9599D2772E}"
EndProject
Project("{FAE04EC0-301F-11D3-BF4B-00C04F79EFBC}") = "Unity.Microgame.Tutorials", "Unity.Microgame.Tutorials.csproj", "{B7D1EEC0-92C6-8B1E-9EB7-C878CF262958}"
EndProject
Global
	GlobalSection(SolutionConfigurationPlatforms) = preSolution
		Debug|Any CPU = Debug|Any CPU
		Release|Any CPU = Release|Any CPU
	EndGlobalSection
	GlobalSection(ProjectConfigurationPlatforms) = postSolution
		{0A944396-CFF9-DEA1-6A20-E037AD6FEDD8}.Debug|Any CPU.ActiveCfg = Debug|Any CPU
		{0A944396-CFF9-DEA1-6A20-E037AD6FEDD8}.Debug|Any CPU.Build.0 = Debug|Any CPU
		{0A944396-CFF9-DEA1-6A20-E037AD6FEDD8}.Release|Any CPU.ActiveCfg = Release|Any CPU
		{0A944396-CFF9-DEA1-6A20-E037AD6FEDD8}.Release|Any CPU.Build.0 = Release|Any CPU
		{CC9BDC87-1C91-C3E0-ECF9-4E0A019053C3}.Debug|Any CPU.ActiveCfg = Debug|Any CPU
		{CC9BDC87-1C91-C3E0-ECF9-4E0A019053C3}.Debug|Any CPU.Build.0 = Debug|Any CPU
		{CC9BDC87-1C91-C3E0-ECF9-4E0A019053C3}.Release|Any CPU.ActiveCfg = Release|Any CPU
		{CC9BDC87-1C91-C3E0-ECF9-4E0A019053C3}.Release|Any CPU.Build.0 = Release|Any CPU
		{E57B0531-D578-AA8B-8FCB-7632B8EA7213}.Debug|Any CPU.ActiveCfg = Debug|Any CPU
		{E57B0531-D578-AA8B-8FCB-7632B8EA7213}.Debug|Any CPU.Build.0 = Debug|Any CPU
		{E57B0531-D578-AA8B-8FCB-7632B8EA7213}.Release|Any CPU.ActiveCfg = Release|Any CPU
		{E57B0531-D578-AA8B-8FCB-7632B8EA7213}.Release|Any CPU.Build.0 = Release|Any CPU
		{226F5DDF-0F6C-0AC1-E900-C60E097DAECA}.Debug|Any CPU.ActiveCfg = Debug|Any CPU
		{226F5DDF-0F6C-0AC1-E900-C60E097DAECA}.Debug|Any CPU.Build.0 = Debug|Any CPU
		{226F5DDF-0F6C-0AC1-E900-C60E097DAECA}.Release|Any CPU.ActiveCfg = Release|Any CPU
		{226F5DDF-0F6C-0AC1-E900-C60E097DAECA}.Release|Any CPU.Build.0 = Release|Any CPU
		{2F74BBB3-6AA4-FFFB-E23E-55BF4E5848FA}.Debug|Any CPU.ActiveCfg = Debug|Any CPU
		{2F74BBB3-6AA4-FFFB-E23E-55BF4E5848FA}.Debug|Any CPU.Build.0 = Debug|Any CPU
		{2F74BBB3-6AA4-FFFB-E23E-55BF4E5848FA}.Release|Any CPU.ActiveCfg = Release|Any CPU
		{2F74BBB3-6AA4-FFFB-E23E-55BF4E5848FA}.Release|Any CPU.Build.0 = Release|Any CPU
		{95C01406-E7C7-F6E0-2285-357C153A9C40}.Debug|Any CPU.ActiveCfg = Debug|Any CPU
		{95C01406-E7C7-F6E0-2285-357C153A9C40}.Debug|Any CPU.Build.0 = Debug|Any CPU
		{95C01406-E7C7-F6E0-2285-357C153A9C40}.Release|Any CPU.ActiveCfg = Release|Any CPU
		{95C01406-E7C7-F6E0-2285-357C153A9C40}.Release|Any CPU.Build.0 = Release|Any CPU
		{14D4F4B5-FCE0-554B-CA90-5608FA02BEE8}.Debug|Any CPU.ActiveCfg = Debug|Any CPU
		{14D4F4B5-FCE0-554B-CA90-5608FA02BEE8}.Debug|Any CPU.Build.0 = Debug|Any CPU
		{14D4F4B5-FCE0-554B-CA90-5608FA02BEE8}.Release|Any CPU.ActiveCfg = Release|Any CPU
		{14D4F4B5-FCE0-554B-CA90-5608FA02BEE8}.Release|Any CPU.Build.0 = Release|Any CPU
		{03B4AE6B-FF57-6484-D5B2-FE1FC3243D0A}.Debug|Any CPU.ActiveCfg = Debug|Any CPU
		{03B4AE6B-FF57-6484-D5B2-FE1FC3243D0A}.Debug|Any CPU.Build.0 = Debug|Any CPU
		{03B4AE6B-FF57-6484-D5B2-FE1FC3243D0A}.Release|Any CPU.ActiveCfg = Release|Any CPU
		{03B4AE6B-FF57-6484-D5B2-FE1FC3243D0A}.Release|Any CPU.Build.0 = Release|Any CPU
		{40B518C4-7188-A255-1E53-9B9599D2772E}.Debug|Any CPU.ActiveCfg = Debug|Any CPU
		{40B518C4-7188-A255-1E53-9B9599D2772E}.Debug|Any CPU.Build.0 = Debug|Any CPU
		{40B518C4-7188-A255-1E53-9B9599D2772E}.Release|Any CPU.ActiveCfg = Release|Any CPU
		{40B518C4-7188-A255-1E53-9B9599D2772E}.Release|Any CPU.Build.0 = Release|Any CPU
		{B7D1EEC0-92C6-8B1E-9EB7-C878CF262958}.Debug|Any CPU.ActiveCfg = Debug|Any CPU
		{B7D1EEC0-92C6-8B1E-9EB7-C878CF262958}.Debug|Any CPU.Build.0 = Debug|Any CPU
		{B7D1EEC0-92C6-8B1E-9EB7-C878CF262958}.Release|Any CPU.ActiveCfg = Release|Any CPU
		{B7D1EEC0-92C6-8B1E-9EB7-C878CF262958}.Release|Any CPU.Build.0 = Release|Any CPU
	EndGlobalSection
	GlobalSection(SolutionProperties) = preSolution
		HideSolutionNode = FALSE
	EndGlobalSection
EndGlobal
